
Microsoft Visual Studio Solution File, Format Version 12.00
# Visual Studio Version 17
VisualStudioVersion = 17.6.33829.357
MinimumVisualStudioVersion = 10.0.40219.1
Project("{FAE04EC0-301F-11D3-BF4B-00C04F79EFBC}") = "Web", "Web\Web.csproj", "{9605ADDC-5E76-4988-AD50-C616E103A3C4}"
EndProject
Global
	GlobalSection(SolutionConfigurationPlatforms) = preSolution
		Debug|Any CPU = Debug|Any CPU
		Release|Any CPU = Release|Any CPU
	EndGlobalSection
	GlobalSection(ProjectConfigurationPlatforms) = postSolution
		{9605ADDC-5E76-4988-AD50-C616E103A3C4}.Debug|Any CPU.ActiveCfg = Debug|Any CPU
		{9605ADDC-5E76-4988-AD50-C616E103A3C4}.Debug|Any CPU.Build.0 = Debug|Any CPU
		{9605ADDC-5E76-4988-AD50-C616E103A3C4}.Release|Any CPU.ActiveCfg = Release|Any CPU
		{9605ADDC-5E76-4988-AD50-C616E103A3C4}.Release|Any CPU.Build.0 = Release|Any CPU
	EndGlobalSection
	GlobalSection(SolutionProperties) = preSolution
		HideSolutionNode = FALSE
	EndGlobalSection
	GlobalSection(ExtensibilityGlobals) = postSolution
		SolutionGuid = {296E21B2-CDD4-4714-946D-AC51A473F14A}
	EndGlobalSection
EndGlobal
